{
  "name": "app",
  "version": "1.0.0",
  "lockfileVersion": 3,
  "requires": true,
  "packages": {
    "": {
      "name": "app",
      "version": "1.0.0",
      "license": "ISC",
      "dependencies": {
        "@algorithm.ts/gcd": "^4.0.4"
      }
    },
    "node_modules/@algorithm.ts/gcd": {
      "version": "4.0.4",
      "resolved": "https://registry.npmjs.org/@algorithm.ts/gcd/-/gcd-4.0.4.tgz",
      "integrity": "sha512-CDveq4tdHLYuQqjFOs+i9gTyQMeNaIBk93ORPc4CybrqPEb78Lpb2leMbPmdYShLM8I3Aqc7K1FTA9oYcGE45g==",
      "license": "MIT"
    }
  }
}
